// !$*UTF8*$!
{
	archiveVersion = 1;
	classes = {
	};
	objectVersion = 46;
	objects = {

/* Begin PBXBuildFile section */
		FED1DC2018F87E7A00BB0B81 /* Foundation.framework in Frameworks */ = {isa = PBXBuildFile; fileRef = FED1DC1F18F87E7A00BB0B81 /* Foundation.framework */; };
		FED1DC2218F87E7A00BB0B81 /* CoreGraphics.framework in Frameworks */ = {isa = PBXBuildFile; fileRef = FED1DC2118F87E7A00BB0B81 /* CoreGraphics.framework */; };
		FED1DC2418F87E7A00BB0B81 /* UIKit.framework in Frameworks */ = {isa = PBXBuildFile; fileRef = FED1DC2318F87E7A00BB0B81 /* UIKit.framework */; };
		FED1DC2A18F87E7A00BB0B81 /* InfoPlist.strings in Resources */ = {isa = PBXBuildFile; fileRef = FED1DC2818F87E7A00BB0B81 /* InfoPlist.strings */; };
		FED1DC2C18F87E7A00BB0B81 /* main.m in Sources */ = {isa = PBXBuildFile; fileRef = FED1DC2B18F87E7A00BB0B81 /* main.m */; };
		FED1DC3018F87E7A00BB0B81 /* AppDelegate.m in Sources */ = {isa = PBXBuildFile; fileRef = FED1DC2F18F87E7A00BB0B81 /* AppDelegate.m */; };
		FED1DC3318F87E7A00BB0B81 /* Main.storyboard in Resources */ = {isa = PBXBuildFile; fileRef = FED1DC3118F87E7A00BB0B81 /* Main.storyboard */; };
		FED1DC3618F87E7A00BB0B81 /* ViewController.m in Sources */ = {isa = PBXBuildFile; fileRef = FED1DC3518F87E7A00BB0B81 /* ViewController.m */; };
		FED1DC3818F87E7A00BB0B81 /* Images.xcassets in Resources */ = {isa = PBXBuildFile; fileRef = FED1DC3718F87E7A00BB0B81 /* Images.xcassets */; };
		FED1DC3F18F87E7A00BB0B81 /* XCTest.framework in Frameworks */ = {isa = PBXBuildFile; fileRef = FED1DC3E18F87E7A00BB0B81 /* XCTest.framework */; };
		FED1DC4018F87E7A00BB0B81 /* Foundation.framework in Frameworks */ = {isa = PBXBuildFile; fileRef = FED1DC1F18F87E7A00BB0B81 /* Foundation.framework */; };
		FED1DC4118F87E7A00BB0B81 /* UIKit.framework in Frameworks */ = {isa = PBXBuildFile; fileRef = FED1DC2318F87E7A00BB0B81 /* UIKit.framework */; };
		FED1DC4918F87E7A00BB0B81 /* InfoPlist.strings in Resources */ = {isa = PBXBuildFile; fileRef = FED1DC4718F87E7A00BB0B81 /* InfoPlist.strings */; };
		FED1DC4B18F87E7A00BB0B81 /* WerewolfTests.m in Sources */ = {isa = PBXBuildFile; fileRef = FED1DC4A18F87E7A00BB0B81 /* WerewolfTests.m */; };
/* End PBXBuildFile section */

/* Begin PBXContainerItemProxy section */
		FED1DC4218F87E7A00BB0B81 /* PBXContainerItemProxy */ = {
			isa = PBXContainerItemProxy;
			containerPortal = FED1DC1418F87E7A00BB0B81 /* Project object */;
			proxyType = 1;
			remoteGlobalIDString = FED1DC1B18F87E7A00BB0B81;
			remoteInfo = Werewolf;
		};
/* End PBXContainerItemProxy section */

/* Begin PBXFileReference section */
		FED1DC1C18F87E7A00BB0B81 /* Werewolf.app */ = {isa = PBXFileReference; explicitFileType = wrapper.application; includeInIndex = 0; path = Werewolf.app; sourceTree = BUILT_PRODUCTS_DIR; };
		FED1DC1F18F87E7A00BB0B81 /* Foundation.framework */ = {isa = PBXFileReference; lastKnownFileType = wrapper.framework; name = Foundation.framework; path = System/Library/Frameworks/Foundation.framework; sourceTree = SDKROOT; };
		FED1DC2118F87E7A00BB0B81 /* CoreGraphics.framework */ = {isa = PBXFileReference; lastKnownFileType = wrapper.framework; name = CoreGraphics.framework; path = System/Library/Frameworks/CoreGraphics.framework; sourceTree = SDKROOT; };
		FED1DC2318F87E7A00BB0B81 /* UIKit.framework */ = {isa = PBXFileReference; lastKnownFileType = wrapper.framework; name = UIKit.framework; path = System/Library/Frameworks/UIKit.framework; sourceTree = SDKROOT; };
		FED1DC2718F87E7A00BB0B81 /* Werewolf-Info.plist */ = {isa = PBXFileReference; lastKnownFileType = text.plist.xml; path = "Werewolf-Info.plist"; sourceTree = "<group>"; };
		FED1DC2918F87E7A00BB0B81 /* en */ = {isa = PBXFileReference; lastKnownFileType = text.plist.strings; name = en; path = en.lproj/InfoPlist.strings; sourceTree = "<group>"; };
		FED1DC2B18F87E7A00BB0B81 /* main.m */ = {isa = PBXFileReference; lastKnownFileType = sourcecode.c.objc; path = main.m; sourceTree = "<group>"; };
		FED1DC2D18F87E7A00BB0B81 /* Werewolf-Prefix.pch */ = {isa = PBXFileReference; lastKnownFileType = sourcecode.c.h; path = "Werewolf-Prefix.pch"; sourceTree = "<group>"; };
		FED1DC2E18F87E7A00BB0B81 /* AppDelegate.h */ = {isa = PBXFileReference; lastKnownFileType = sourcecode.c.h; path = AppDelegate.h; sourceTree = "<group>"; };
		FED1DC2F18F87E7A00BB0B81 /* AppDelegate.m */ = {isa = PBXFileReference; lastKnownFileType = sourcecode.c.objc; path = AppDelegate.m; sourceTree = "<group>"; };
		FED1DC3218F87E7A00BB0B81 /* Base */ = {isa = PBXFileReference; lastKnownFileType = file.storyboard; name = Base; path = Base.lproj/Main.storyboard; sourceTree = "<group>"; };
		FED1DC3418F87E7A00BB0B81 /* ViewController.h */ = {isa = PBXFileReference; lastKnownFileType = sourcecode.c.h; path = ViewController.h; sourceTree = "<group>"; };
		FED1DC3518F87E7A00BB0B81 /* ViewController.m */ = {isa = PBXFileReference; lastKnownFileType = sourcecode.c.objc; path = ViewController.m; sourceTree = "<group>"; };
		FED1DC3718F87E7A00BB0B81 /* Images.xcassets */ = {isa = PBXFileReference; lastKnownFileType = folder.assetcatalog; path = Images.xcassets; sourceTree = "<group>"; };
		FED1DC3D18F87E7A00BB0B81 /* WerewolfTests.xctest */ = {isa = PBXFileReference; explicitFileType = wrapper.cfbundle; includeInIndex = 0; path = WerewolfTests.xctest; sourceTree = BUILT_PRODUCTS_DIR; };
		FED1DC3E18F87E7A00BB0B81 /* XCTest.framework */ = {isa = PBXFileReference; lastKnownFileType = wrapper.framework; name = XCTest.framework; path = Library/Frameworks/XCTest.framework; sourceTree = DEVELOPER_DIR; };
		FED1DC4618F87E7A00BB0B81 /* WerewolfTests-Info.plist */ = {isa = PBXFileReference; lastKnownFileType = text.plist.xml; path = "WerewolfTests-Info.plist"; sourceTree = "<group>"; };
		FED1DC4818F87E7A00BB0B81 /* en */ = {isa = PBXFileReference; lastKnownFileType = text.plist.strings; name = en; path = en.lproj/InfoPlist.strings; sourceTree = "<group>"; };
		FED1DC4A18F87E7A00BB0B81 /* WerewolfTests.m */ = {isa = PBXFileReference; lastKnownFileType = sourcecode.c.objc; path = WerewolfTests.m; sourceTree = "<group>"; };
/* End PBXFileReference section */

/* Begin PBXFrameworksBuildPhase section */
		FED1DC1918F87E7A00BB0B81 /* Frameworks */ = {
			isa = PBXFrameworksBuildPhase;
			buildActionMask = 2147483647;
			files = (
				FED1DC2218F87E7A00BB0B81 /* CoreGraphics.framework in Frameworks */,
				FED1DC2418F87E7A00BB0B81 /* UIKit.framework in Frameworks */,
				FED1DC2018F87E7A00BB0B81 /* Foundation.framework in Frameworks */,
			);
			runOnlyForDeploymentPostprocessing = 0;
		};
		FED1DC3A18F87E7A00BB0B81 /* Frameworks */ = {
			isa = PBXFrameworksBuildPhase;
			buildActionMask = 2147483647;
			files = (
				FED1DC3F18F87E7A00BB0B81 /* XCTest.framework in Frameworks */,
				FED1DC4118F87E7A00BB0B81 /* UIKit.framework in Frameworks */,
				FED1DC4018F87E7A00BB0B81 /* Foundation.framework in Frameworks */,
			);
			runOnlyForDeploymentPostprocessing = 0;
		};
/* End PBXFrameworksBuildPhase section */

/* Begin PBXGroup section */
		FED1DC1318F87E7A00BB0B81 = {
			isa = PBXGroup;
			children = (
				FED1DC2518F87E7A00BB0B81 /* Werewolf */,
				FED1DC4418F87E7A00BB0B81 /* WerewolfTests */,
				FED1DC1E18F87E7A00BB0B81 /* Frameworks */,
				FED1DC1D18F87E7A00BB0B81 /* Products */,
			);
			sourceTree = "<group>";
		};
		FED1DC1D18F87E7A00BB0B81 /* Products */ = {
			isa = PBXGroup;
			children = (
				FED1DC1C18F87E7A00BB0B81 /* Werewolf.app */,
				FED1DC3D18F87E7A00BB0B81 /* WerewolfTests.xctest */,
			);
			name = Products;
			sourceTree = "<group>";
		};
		FED1DC1E18F87E7A00BB0B81 /* Frameworks */ = {
			isa = PBXGroup;
			children = (
				FED1DC1F18F87E7A00BB0B81 /* Foundation.framework */,
				FED1DC2118F87E7A00BB0B81 /* CoreGraphics.framework */,
				FED1DC2318F87E7A00BB0B81 /* UIKit.framework */,
				FED1DC3E18F87E7A00BB0B81 /* XCTest.framework */,
			);
			name = Frameworks;
			sourceTree = "<group>";
		};
		FED1DC2518F87E7A00BB0B81 /* Werewolf */ = {
			isa = PBXGroup;
			children = (
				FED1DC2E18F87E7A00BB0B81 /* AppDelegate.h */,
				FED1DC2F18F87E7A00BB0B81 /* AppDelegate.m */,
				FED1DC3118F87E7A00BB0B81 /* Main.storyboard */,
				FED1DC3418F87E7A00BB0B81 /* ViewController.h */,
				FED1DC3518F87E7A00BB0B81 /* ViewController.m */,
				FED1DC3718F87E7A00BB0B81 /* Images.xcassets */,
				FED1DC2618F87E7A00BB0B81 /* Supporting Files */,
			);
			path = Werewolf;
			sourceTree = "<group>";
		};
		FED1DC2618F87E7A00BB0B81 /* Supporting Files */ = {
			isa = PBXGroup;
			children = (
				FED1DC2718F87E7A00BB0B81 /* Werewolf-Info.plist */,
				FED1DC2818F87E7A00BB0B81 /* InfoPlist.strings */,
				FED1DC2B18F87E7A00BB0B81 /* main.m */,
				FED1DC2D18F87E7A00BB0B81 /* Werewolf-Prefix.pch */,
			);
			name = "Supporting Files";
			sourceTree = "<group>";
		};
		FED1DC4418F87E7A00BB0B81 /* WerewolfTests */ = {
			isa = PBXGroup;
			children = (
				FED1DC4A18F87E7A00BB0B81 /* WerewolfTests.m */,
				FED1DC4518F87E7A00BB0B81 /* Supporting Files */,
			);
			path = WerewolfTests;
			sourceTree = "<group>";
		};
		FED1DC4518F87E7A00BB0B81 /* Supporting Files */ = {
			isa = PBXGroup;
			children = (
				FED1DC4618F87E7A00BB0B81 /* WerewolfTests-Info.plist */,
				FED1DC4718F87E7A00BB0B81 /* InfoPlist.strings */,
			);
			name = "Supporting Files";
			sourceTree = "<group>";
		};
/* End PBXGroup section */

/* Begin PBXNativeTarget section */
		FED1DC1B18F87E7A00BB0B81 /* Werewolf */ = {
			isa = PBXNativeTarget;
			buildConfigurationList = FED1DC4E18F87E7A00BB0B81 /* Build configuration list for PBXNativeTarget "Werewolf" */;
			buildPhases = (
				FED1DC1818F87E7A00BB0B81 /* Sources */,
				FED1DC1918F87E7A00BB0B81 /* Frameworks */,
				FED1DC1A18F87E7A00BB0B81 /* Resources */,
			);
			buildRules = (
			);
			dependencies = (
			);
			name = Werewolf;
			productName = Werewolf;
			productReference = FED1DC1C18F87E7A00BB0B81 /* Werewolf.app */;
			productType = "com.apple.product-type.application";
		};
		FED1DC3C18F87E7A00BB0B81 /* WerewolfTests */ = {
			isa = PBXNativeTarget;
			buildConfigurationList = FED1DC5118F87E7A00BB0B81 /* Build configuration list for PBXNativeTarget "WerewolfTests" */;
			buildPhases = (
				FED1DC3918F87E7A00BB0B81 /* Sources */,
				FED1DC3A18F87E7A00BB0B81 /* Frameworks */,
				FED1DC3B18F87E7A00BB0B81 /* Resources */,
			);
			buildRules = (
			);
			dependencies = (
				FED1DC4318F87E7A00BB0B81 /* PBXTargetDependency */,
			);
			name = WerewolfTests;
			productName = WerewolfTests;
			productReference = FED1DC3D18F87E7A00BB0B81 /* WerewolfTests.xctest */;
			productType = "com.apple.product-type.bundle.unit-test";
		};
/* End PBXNativeTarget section */

/* Begin PBXProject section */
		FED1DC1418F87E7A00BB0B81 /* Project object */ = {
			isa = PBXProject;
			attributes = {
				LastUpgradeCheck = 0510;
				ORGANIZATIONNAME = "Lauren Lee";
				TargetAttributes = {
					FED1DC3C18F87E7A00BB0B81 = {
						TestTargetID = FED1DC1B18F87E7A00BB0B81;
					};
				};
			};
			buildConfigurationList = FED1DC1718F87E7A00BB0B81 /* Build configuration list for PBXProject "Werewolf" */;
			compatibilityVersion = "Xcode 3.2";
			developmentRegion = English;
			hasScannedForEncodings = 0;
			knownRegions = (
				en,
				Base,
			);
			mainGroup = FED1DC1318F87E7A00BB0B81;
			productRefGroup = FED1DC1D18F87E7A00BB0B81 /* Products */;
			projectDirPath = "";
			projectRoot = "";
			targets = (
				FED1DC1B18F87E7A00BB0B81 /* Werewolf */,
				FED1DC3C18F87E7A00BB0B81 /* WerewolfTests */,
			);
		};
/* End PBXProject section */

/* Begin PBXResourcesBuildPhase section */
		FED1DC1A18F87E7A00BB0B81 /* Resources */ = {
			isa = PBXResourcesBuildPhase;
			buildActionMask = 2147483647;
			files = (
				FED1DC3818F87E7A00BB0B81 /* Images.xcassets in Resources */,
				FED1DC2A18F87E7A00BB0B81 /* InfoPlist.strings in Resources */,
				FED1DC3318F87E7A00BB0B81 /* Main.storyboard in Resources */,
			);
			runOnlyForDeploymentPostprocessing = 0;
		};
		FED1DC3B18F87E7A00BB0B81 /* Resources */ = {
			isa = PBXResourcesBuildPhase;
			buildActionMask = 2147483647;
			files = (
				FED1DC4918F87E7A00BB0B81 /* InfoPlist.strings in Resources */,
			);
			runOnlyForDeploymentPostprocessing = 0;
		};
/* End PBXResourcesBuildPhase section */

/* Begin PBXSourcesBuildPhase section */
		FED1DC1818F87E7A00BB0B81 /* Sources */ = {
			isa = PBXSourcesBuildPhase;
			buildActionMask = 2147483647;
			files = (
				FED1DC3618F87E7A00BB0B81 /* ViewController.m in Sources */,
				FED1DC3018F87E7A00BB0B81 /* AppDelegate.m in Sources */,
				FED1DC2C18F87E7A00BB0B81 /* main.m in Sources */,
			);
			runOnlyForDeploymentPostprocessing = 0;
		};
		FED1DC3918F87E7A00BB0B81 /* Sources */ = {
			isa = PBXSourcesBuildPhase;
			buildActionMask = 2147483647;
			files = (
				FED1DC4B18F87E7A00BB0B81 /* WerewolfTests.m in Sources */,
			);
			runOnlyForDeploymentPostprocessing = 0;
		};
/* End PBXSourcesBuildPhase section */

/* Begin PBXTargetDependency section */
		FED1DC4318F87E7A00BB0B81 /* PBXTargetDependency */ = {
			isa = PBXTargetDependency;
			target = FED1DC1B18F87E7A00BB0B81 /* Werewolf */;
			targetProxy = FED1DC4218F87E7A00BB0B81 /* PBXContainerItemProxy */;
		};
/* End PBXTargetDependency section */

/* Begin PBXVariantGroup section */
		FED1DC2818F87E7A00BB0B81 /* InfoPlist.strings */ = {
			isa = PBXVariantGroup;
			children = (
				FED1DC2918F87E7A00BB0B81 /* en */,
			);
			name = InfoPlist.strings;
			sourceTree = "<group>";
		};
		FED1DC3118F87E7A00BB0B81 /* Main.storyboard */ = {
			isa = PBXVariantGroup;
			children = (
				FED1DC3218F87E7A00BB0B81 /* Base */,
			);
			name = Main.storyboard;
			sourceTree = "<group>";
		};
		FED1DC4718F87E7A00BB0B81 /* InfoPlist.strings */ = {
			isa = PBXVariantGroup;
			children = (
				FED1DC4818F87E7A00BB0B81 /* en */,
			);
			name = InfoPlist.strings;
			sourceTree = "<group>";
		};
/* End PBXVariantGroup section */

/* Begin XCBuildConfiguration section */
		FED1DC4C18F87E7A00BB0B81 /* Debug */ = {
			isa = XCBuildConfiguration;
			buildSettings = {
				ALWAYS_SEARCH_USER_PATHS = NO;
				CLANG_CXX_LANGUAGE_STANDARD = "gnu++0x";
				CLANG_CXX_LIBRARY = "libc++";
				CLANG_ENABLE_MODULES = YES;
				CLANG_ENABLE_OBJC_ARC = YES;
				CLANG_WARN_BOOL_CONVERSION = YES;
				CLANG_WARN_CONSTANT_CONVERSION = YES;
				CLANG_WARN_DIRECT_OBJC_ISA_USAGE = YES_ERROR;
				CLANG_WARN_EMPTY_BODY = YES;
				CLANG_WARN_ENUM_CONVERSION = YES;
				CLANG_WARN_INT_CONVERSION = YES;
				CLANG_WARN_OBJC_ROOT_CLASS = YES_ERROR;
				CLANG_WARN__DUPLICATE_METHOD_MATCH = YES;
				"CODE_SIGN_IDENTITY[sdk=iphoneos*]" = "iPhone Developer";
				COPY_PHASE_STRIP = NO;
				GCC_C_LANGUAGE_STANDARD = gnu99;
				GCC_DYNAMIC_NO_PIC = NO;
				GCC_OPTIMIZATION_LEVEL = 0;
				GCC_PREPROCESSOR_DEFINITIONS = (
					"DEBUG=1",
					"$(inherited)",
				);
				GCC_SYMBOLS_PRIVATE_EXTERN = NO;
				GCC_WARN_64_TO_32_BIT_CONVERSION = YES;
				GCC_WARN_ABOUT_RETURN_TYPE = YES_ERROR;
				GCC_WARN_UNDECLARED_SELECTOR = YES;
				GCC_WARN_UNINITIALIZED_AUTOS = YES_AGGRESSIVE;
				GCC_WARN_UNUSED_FUNCTION = YES;
				GCC_WARN_UNUSED_VARIABLE = YES;
				IPHONEOS_DEPLOYMENT_TARGET = 7.1;
				ONLY_ACTIVE_ARCH = YES;
				SDKROOT = iphoneos;
			};
			name = Debug;
		};
		FED1DC4D18F87E7A00BB0B81 /* Release */ = {
			isa = XCBuildConfiguration;
			buildSettings = {
				ALWAYS_SEARCH_USER_PATHS = NO;
				CLANG_CXX_LANGUAGE_STANDARD = "gnu++0x";
				CLANG_CXX_LIBRARY = "libc++";
				CLANG_ENABLE_MODULES = YES;
				CLANG_ENABLE_OBJC_ARC = YES;
				CLANG_WARN_BOOL_CONVERSION = YES;
				CLANG_WARN_CONSTANT_CONVERSION = YES;
				CLANG_WARN_DIRECT_OBJC_ISA_USAGE = YES_ERROR;
				CLANG_WARN_EMPTY_BODY = YES;
				CLANG_WARN_ENUM_CONVERSION = YES;
				CLANG_WARN_INT_CONVERSION = YES;
				CLANG_WARN_OBJC_ROOT_CLASS = YES_ERROR;
				CLANG_WARN__DUPLICATE_METHOD_MATCH = YES;
				"CODE_SIGN_IDENTITY[sdk=iphoneos*]" = "iPhone Developer";
				COPY_PHASE_STRIP = YES;
				ENABLE_NS_ASSERTIONS = NO;
				GCC_C_LANGUAGE_STANDARD = gnu99;
				GCC_WARN_64_TO_32_BIT_CONVERSION = YES;
				GCC_WARN_ABOUT_RETURN_TYPE = YES_ERROR;
				GCC_WARN_UNDECLARED_SELECTOR = YES;
				GCC_WARN_UNINITIALIZED_AUTOS = YES_AGGRESSIVE;
				GCC_WARN_UNUSED_FUNCTION = YES;
				GCC_WARN_UNUSED_VARIABLE = YES;
				IPHONEOS_DEPLOYMENT_TARGET = 7.1;
				SDKROOT = iphoneos;
				VALIDATE_PRODUCT = YES;
			};
			name = Release;
		};
		FED1DC4F18F87E7A00BB0B81 /* Debug */ = {
			isa = XCBuildConfiguration;
			buildSettings = {
				ASSETCATALOG_COMPILER_APPICON_NAME = AppIcon;
				ASSETCATALOG_COMPILER_LAUNCHIMAGE_NAME = LaunchImage;
				GCC_PRECOMPILE_PREFIX_HEADER = YES;
				GCC_PREFIX_HEADER = "Werewolf/Werewolf-Prefix.pch";
				INFOPLIST_FILE = "Werewolf/Werewolf-Info.plist";
				PRODUCT_NAME = "$(TARGET_NAME)";
				WRAPPER_EXTENSION = app;
			};
			name = Debug;
		};
		FED1DC5018F87E7A00BB0B81 /* Release */ = {
			isa = XCBuildConfiguration;
			buildSettings = {
				ASSETCATALOG_COMPILER_APPICON_NAME = AppIcon;
				ASSETCATALOG_COMPILER_LAUNCHIMAGE_NAME = LaunchImage;
				GCC_PRECOMPILE_PREFIX_HEADER = YES;
				GCC_PREFIX_HEADER = "Werewolf/Werewolf-Prefix.pch";
				INFOPLIST_FILE = "Werewolf/Werewolf-Info.plist";
				PRODUCT_NAME = "$(TARGET_NAME)";
				WRAPPER_EXTENSION = app;
			};
			name = Release;
		};
		FED1DC5218F87E7A00BB0B81 /* Debug */ = {
			isa = XCBuildConfiguration;
			buildSettings = {
				BUNDLE_LOADER = "$(BUILT_PRODUCTS_DIR)/Werewolf.app/Werewolf";
				FRAMEWORK_SEARCH_PATHS = (
					"$(SDKROOT)/Developer/Library/Frameworks",
					"$(inherited)",
					"$(DEVELOPER_FRAMEWORKS_DIR)",
				);
				GCC_PRECOMPILE_PREFIX_HEADER = YES;
				GCC_PREFIX_HEADER = "Werewolf/Werewolf-Prefix.pch";
				GCC_PREPROCESSOR_DEFINITIONS = (
					"DEBUG=1",
					"$(inherited)",
				);
				INFOPLIST_FILE = "WerewolfTests/WerewolfTests-Info.plist";
				PRODUCT_NAME = "$(TARGET_NAME)";
				TEST_HOST = "$(BUNDLE_LOADER)";
				WRAPPER_EXTENSION = xctest;
			};
			name = Debug;
		};
		FED1DC5318F87E7A00BB0B81 /* Release */ = {
			isa = XCBuildConfiguration;
			buildSettings = {
				BUNDLE_LOADER = "$(BUILT_PRODUCTS_DIR)/Werewolf.app/Werewolf";
				FRAMEWORK_SEARCH_PATHS = (
					"$(SDKROOT)/Developer/Library/Frameworks",
					"$(inherited)",
					"$(DEVELOPER_FRAMEWORKS_DIR)",
				);
				GCC_PRECOMPILE_PREFIX_HEADER = YES;
				GCC_PREFIX_HEADER = "Werewolf/Werewolf-Prefix.pch";
				INFOPLIST_FILE = "WerewolfTests/WerewolfTests-Info.plist";
				PRODUCT_NAME = "$(TARGET_NAME)";
				TEST_HOST = "$(BUNDLE_LOADER)";
				WRAPPER_EXTENSION = xctest;
			};
			name = Release;
		};
/* End XCBuildConfiguration section */

/* Begin XCConfigurationList section */
		FED1DC1718F87E7A00BB0B81 /* Build configuration list for PBXProject "Werewolf" */ = {
			isa = XCConfigurationList;
			buildConfigurations = (
				FED1DC4C18F87E7A00BB0B81 /* Debug */,
				FED1DC4D18F87E7A00BB0B81 /* Release */,
			);
			defaultConfigurationIsVisible = 0;
			defaultConfigurationName = Release;
		};
		FED1DC4E18F87E7A00BB0B81 /* Build configuration list for PBXNativeTarget "Werewolf" */ = {
			isa = XCConfigurationList;
			buildConfigurations = (
				FED1DC4F18F87E7A00BB0B81 /* Debug */,
				FED1DC5018F87E7A00BB0B81 /* Release */,
			);
			defaultConfigurationIsVisible = 0;
		};
		FED1DC5118F87E7A00BB0B81 /* Build configuration list for PBXNativeTarget "WerewolfTests" */ = {
			isa = XCConfigurationList;
			buildConfigurations = (
				FED1DC5218F87E7A00BB0B81 /* Debug */,
				FED1DC5318F87E7A00BB0B81 /* Release */,
			);
			defaultConfigurationIsVisible = 0;
		};
/* End XCConfigurationList section */
	};
	rootObject = FED1DC1418F87E7A00BB0B81 /* Project object */;
}
