// !$*UTF8*$!
{
	archiveVersion = 1;
	classes = {
	};
	objectVersion = 46;
	objects = {

/* Begin PBXBuildFile section */
		FE21C28B190B33B40048D19C /* GameViewController.m in Sources */ = {isa = PBXBuildFile; fileRef = FE21C28A190B33B40048D19C /* GameViewController.m */; };
		FE38613D18FF755900ED8483 /* GameData.m in Sources */ = {isa = PBXBuildFile; fileRef = FE38613C18FF755900ED8483 /* GameData.m */; };
		FE38B7EC190F436E007B514B /* OpenSans-Regular.ttf in Resources */ = {isa = PBXBuildFile; fileRef = FE38B7EB190F436E007B514B /* OpenSans-Regular.ttf */; };
		FE99B68718FC919300CA3021 /* LoadSetupViewController.m in Sources */ = {isa = PBXBuildFile; fileRef = FE99B68618FC919300CA3021 /* LoadSetupViewController.m */; };
		FE99B69118FC9F2F00CA3021 /* NSDictionary+Common.m in Sources */ = {isa = PBXBuildFile; fileRef = FE99B69018FC9F2F00CA3021 /* NSDictionary+Common.m */; };
		FE99B69418FCA16300CA3021 /* StepperTableViewCell.m in Sources */ = {isa = PBXBuildFile; fileRef = FE99B69318FCA16300CA3021 /* StepperTableViewCell.m */; };
		FEA78589190C3E620084CA04 /* Role.m in Sources */ = {isa = PBXBuildFile; fileRef = FEA78588190C3E620084CA04 /* Role.m */; };
		FEA7858D190C3ED60084CA04 /* Werewolf.m in Sources */ = {isa = PBXBuildFile; fileRef = FEA7858C190C3ED60084CA04 /* Werewolf.m */; };
		FEA78590190C3EDD0084CA04 /* Villager.m in Sources */ = {isa = PBXBuildFile; fileRef = FEA7858F190C3EDD0084CA04 /* Villager.m */; };
		FEA78593190C3EE40084CA04 /* Priest.m in Sources */ = {isa = PBXBuildFile; fileRef = FEA78592190C3EE40084CA04 /* Priest.m */; };
		FEA78596190C3EE90084CA04 /* Seer.m in Sources */ = {isa = PBXBuildFile; fileRef = FEA78595190C3EE90084CA04 /* Seer.m */; };
		FEA78599190C3EF00084CA04 /* Vigilante.m in Sources */ = {isa = PBXBuildFile; fileRef = FEA78598190C3EF00084CA04 /* Vigilante.m */; };
		FEA7859C190C3EF50084CA04 /* Hunter.m in Sources */ = {isa = PBXBuildFile; fileRef = FEA7859B190C3EF50084CA04 /* Hunter.m */; };
		FEA7859F190C3EFA0084CA04 /* Minion.m in Sources */ = {isa = PBXBuildFile; fileRef = FEA7859E190C3EFA0084CA04 /* Minion.m */; };
		FEA785A2190C3F090084CA04 /* Assassin.m in Sources */ = {isa = PBXBuildFile; fileRef = FEA785A1190C3F090084CA04 /* Assassin.m */; };
		FEA785A5190F05E70084CA04 /* ModPlayer.m in Sources */ = {isa = PBXBuildFile; fileRef = FEA785A4190F05E70084CA04 /* ModPlayer.m */; };
		FEA785A8190F0F670084CA04 /* TimerViewController.m in Sources */ = {isa = PBXBuildFile; fileRef = FEA785A7190F0F670084CA04 /* TimerViewController.m */; };
		FEB53BFE18FB63AC00598B64 /* QuartzCore.framework in Frameworks */ = {isa = PBXBuildFile; fileRef = FEB53BFD18FB63AC00598B64 /* QuartzCore.framework */; };
		FEB53C0518FB729500598B64 /* GameSetup.m in Sources */ = {isa = PBXBuildFile; fileRef = FEB53C0418FB729500598B64 /* GameSetup.m */; };
		FEC75E991911B7FF00C44A3A /* WerewolfViewController.m in Sources */ = {isa = PBXBuildFile; fileRef = FEC75E981911B7FF00C44A3A /* WerewolfViewController.m */; };
		FEC75E9E1912AB5B00C44A3A /* SettingsViewController.m in Sources */ = {isa = PBXBuildFile; fileRef = FEC75E9D1912AB5B00C44A3A /* SettingsViewController.m */; };
		FEC75EAA1912C38A00C44A3A /* CRBubble.m in Sources */ = {isa = PBXBuildFile; fileRef = FEC75EA71912C38A00C44A3A /* CRBubble.m */; };
		FEC75EAB1912C38A00C44A3A /* CRProductTour.m in Sources */ = {isa = PBXBuildFile; fileRef = FEC75EA91912C38A00C44A3A /* CRProductTour.m */; };
		FEC75EB01912C41300C44A3A /* TTCounterLabel.m in Sources */ = {isa = PBXBuildFile; fileRef = FEC75EAD1912C41300C44A3A /* TTCounterLabel.m */; };
		FEC75EB11912C41300C44A3A /* TTTAttributedLabel.m in Sources */ = {isa = PBXBuildFile; fileRef = FEC75EAF1912C41300C44A3A /* TTTAttributedLabel.m */; };
		FEC75EB41912C42500C44A3A /* iCarousel.m in Sources */ = {isa = PBXBuildFile; fileRef = FEC75EB31912C42500C44A3A /* iCarousel.m */; };
		FEC75EB71912D75700C44A3A /* RulesViewController.m in Sources */ = {isa = PBXBuildFile; fileRef = FEC75EB61912D75700C44A3A /* RulesViewController.m */; };
		FED1DC2018F87E7A00BB0B81 /* Foundation.framework in Frameworks */ = {isa = PBXBuildFile; fileRef = FED1DC1F18F87E7A00BB0B81 /* Foundation.framework */; };
		FED1DC2218F87E7A00BB0B81 /* CoreGraphics.framework in Frameworks */ = {isa = PBXBuildFile; fileRef = FED1DC2118F87E7A00BB0B81 /* CoreGraphics.framework */; };
		FED1DC2418F87E7A00BB0B81 /* UIKit.framework in Frameworks */ = {isa = PBXBuildFile; fileRef = FED1DC2318F87E7A00BB0B81 /* UIKit.framework */; };
		FED1DC2A18F87E7A00BB0B81 /* InfoPlist.strings in Resources */ = {isa = PBXBuildFile; fileRef = FED1DC2818F87E7A00BB0B81 /* InfoPlist.strings */; };
		FED1DC2C18F87E7A00BB0B81 /* main.m in Sources */ = {isa = PBXBuildFile; fileRef = FED1DC2B18F87E7A00BB0B81 /* main.m */; };
		FED1DC3018F87E7A00BB0B81 /* AppDelegate.m in Sources */ = {isa = PBXBuildFile; fileRef = FED1DC2F18F87E7A00BB0B81 /* AppDelegate.m */; };
		FED1DC3318F87E7A00BB0B81 /* Main.storyboard in Resources */ = {isa = PBXBuildFile; fileRef = FED1DC3118F87E7A00BB0B81 /* Main.storyboard */; };
		FED1DC3618F87E7A00BB0B81 /* TitleViewController.m in Sources */ = {isa = PBXBuildFile; fileRef = FED1DC3518F87E7A00BB0B81 /* TitleViewController.m */; };
		FED1DC3818F87E7A00BB0B81 /* Images.xcassets in Resources */ = {isa = PBXBuildFile; fileRef = FED1DC3718F87E7A00BB0B81 /* Images.xcassets */; };
		FED1DC3F18F87E7A00BB0B81 /* XCTest.framework in Frameworks */ = {isa = PBXBuildFile; fileRef = FED1DC3E18F87E7A00BB0B81 /* XCTest.framework */; };
		FED1DC4018F87E7A00BB0B81 /* Foundation.framework in Frameworks */ = {isa = PBXBuildFile; fileRef = FED1DC1F18F87E7A00BB0B81 /* Foundation.framework */; };
		FED1DC4118F87E7A00BB0B81 /* UIKit.framework in Frameworks */ = {isa = PBXBuildFile; fileRef = FED1DC2318F87E7A00BB0B81 /* UIKit.framework */; };
		FED1DC4918F87E7A00BB0B81 /* InfoPlist.strings in Resources */ = {isa = PBXBuildFile; fileRef = FED1DC4718F87E7A00BB0B81 /* InfoPlist.strings */; };
		FED1DC4B18F87E7A00BB0B81 /* WerewolfTests.m in Sources */ = {isa = PBXBuildFile; fileRef = FED1DC4A18F87E7A00BB0B81 /* WerewolfTests.m */; };
		FED1DC5718F8832200BB0B81 /* CreateGameViewController.m in Sources */ = {isa = PBXBuildFile; fileRef = FED1DC5618F8832200BB0B81 /* CreateGameViewController.m */; };
		FED1DC6118F8AE5000BB0B81 /* Constants.m in Sources */ = {isa = PBXBuildFile; fileRef = FED1DC6018F8AE5000BB0B81 /* Constants.m */; };
		FED1DC6518F8B5DA00BB0B81 /* Game.m in Sources */ = {isa = PBXBuildFile; fileRef = FED1DC6418F8B5DA00BB0B81 /* Game.m */; };
		FED1DC6818F8BF3600BB0B81 /* Player.m in Sources */ = {isa = PBXBuildFile; fileRef = FED1DC6718F8BF3600BB0B81 /* Player.m */; };
		FEF34247190894DF003AC14F /* gameSetupList.plist in Resources */ = {isa = PBXBuildFile; fileRef = FEF34246190894DF003AC14F /* gameSetupList.plist */; };
/* End PBXBuildFile section */

/* Begin PBXContainerItemProxy section */
		FED1DC4218F87E7A00BB0B81 /* PBXContainerItemProxy */ = {
			isa = PBXContainerItemProxy;
			containerPortal = FED1DC1418F87E7A00BB0B81 /* Project object */;
			proxyType = 1;
			remoteGlobalIDString = FED1DC1B18F87E7A00BB0B81;
			remoteInfo = Werewolf;
		};
/* End PBXContainerItemProxy section */

/* Begin PBXFileReference section */
		FE21C289190B33B40048D19C /* GameViewController.h */ = {isa = PBXFileReference; fileEncoding = 4; lastKnownFileType = sourcecode.c.h; path = GameViewController.h; sourceTree = "<group>"; };
		FE21C28A190B33B40048D19C /* GameViewController.m */ = {isa = PBXFileReference; fileEncoding = 4; lastKnownFileType = sourcecode.c.objc; path = GameViewController.m; sourceTree = "<group>"; };
		FE38613B18FF755900ED8483 /* GameData.h */ = {isa = PBXFileReference; fileEncoding = 4; lastKnownFileType = sourcecode.c.h; path = GameData.h; sourceTree = "<group>"; };
		FE38613C18FF755900ED8483 /* GameData.m */ = {isa = PBXFileReference; fileEncoding = 4; lastKnownFileType = sourcecode.c.objc; path = GameData.m; sourceTree = "<group>"; };
		FE38B7EB190F436E007B514B /* OpenSans-Regular.ttf */ = {isa = PBXFileReference; lastKnownFileType = file; name = "OpenSans-Regular.ttf"; path = "../../../../Downloads/Open_Sans/OpenSans-Regular.ttf"; sourceTree = "<group>"; };
		FE99B68518FC919300CA3021 /* LoadSetupViewController.h */ = {isa = PBXFileReference; fileEncoding = 4; lastKnownFileType = sourcecode.c.h; path = LoadSetupViewController.h; sourceTree = "<group>"; };
		FE99B68618FC919300CA3021 /* LoadSetupViewController.m */ = {isa = PBXFileReference; fileEncoding = 4; lastKnownFileType = sourcecode.c.objc; path = LoadSetupViewController.m; sourceTree = "<group>"; };
		FE99B68F18FC9F2F00CA3021 /* NSDictionary+Common.h */ = {isa = PBXFileReference; fileEncoding = 4; lastKnownFileType = sourcecode.c.h; path = "NSDictionary+Common.h"; sourceTree = "<group>"; };
		FE99B69018FC9F2F00CA3021 /* NSDictionary+Common.m */ = {isa = PBXFileReference; fileEncoding = 4; lastKnownFileType = sourcecode.c.objc; path = "NSDictionary+Common.m"; sourceTree = "<group>"; };
		FE99B69218FCA16300CA3021 /* StepperTableViewCell.h */ = {isa = PBXFileReference; fileEncoding = 4; lastKnownFileType = sourcecode.c.h; path = StepperTableViewCell.h; sourceTree = "<group>"; };
		FE99B69318FCA16300CA3021 /* StepperTableViewCell.m */ = {isa = PBXFileReference; fileEncoding = 4; lastKnownFileType = sourcecode.c.objc; path = StepperTableViewCell.m; sourceTree = "<group>"; };
		FEA78587190C3E620084CA04 /* Role.h */ = {isa = PBXFileReference; fileEncoding = 4; lastKnownFileType = sourcecode.c.h; path = Role.h; sourceTree = "<group>"; };
		FEA78588190C3E620084CA04 /* Role.m */ = {isa = PBXFileReference; fileEncoding = 4; lastKnownFileType = sourcecode.c.objc; path = Role.m; sourceTree = "<group>"; };
		FEA7858B190C3ED60084CA04 /* Werewolf.h */ = {isa = PBXFileReference; fileEncoding = 4; lastKnownFileType = sourcecode.c.h; path = Werewolf.h; sourceTree = "<group>"; };
		FEA7858C190C3ED60084CA04 /* Werewolf.m */ = {isa = PBXFileReference; fileEncoding = 4; lastKnownFileType = sourcecode.c.objc; path = Werewolf.m; sourceTree = "<group>"; };
		FEA7858E190C3EDD0084CA04 /* Villager.h */ = {isa = PBXFileReference; fileEncoding = 4; lastKnownFileType = sourcecode.c.h; path = Villager.h; sourceTree = "<group>"; };
		FEA7858F190C3EDD0084CA04 /* Villager.m */ = {isa = PBXFileReference; fileEncoding = 4; lastKnownFileType = sourcecode.c.objc; path = Villager.m; sourceTree = "<group>"; };
		FEA78591190C3EE40084CA04 /* Priest.h */ = {isa = PBXFileReference; fileEncoding = 4; lastKnownFileType = sourcecode.c.h; path = Priest.h; sourceTree = "<group>"; };
		FEA78592190C3EE40084CA04 /* Priest.m */ = {isa = PBXFileReference; fileEncoding = 4; lastKnownFileType = sourcecode.c.objc; path = Priest.m; sourceTree = "<group>"; };
		FEA78594190C3EE90084CA04 /* Seer.h */ = {isa = PBXFileReference; fileEncoding = 4; lastKnownFileType = sourcecode.c.h; path = Seer.h; sourceTree = "<group>"; };
		FEA78595190C3EE90084CA04 /* Seer.m */ = {isa = PBXFileReference; fileEncoding = 4; lastKnownFileType = sourcecode.c.objc; path = Seer.m; sourceTree = "<group>"; };
		FEA78597190C3EF00084CA04 /* Vigilante.h */ = {isa = PBXFileReference; fileEncoding = 4; lastKnownFileType = sourcecode.c.h; path = Vigilante.h; sourceTree = "<group>"; };
		FEA78598190C3EF00084CA04 /* Vigilante.m */ = {isa = PBXFileReference; fileEncoding = 4; lastKnownFileType = sourcecode.c.objc; path = Vigilante.m; sourceTree = "<group>"; };
		FEA7859A190C3EF50084CA04 /* Hunter.h */ = {isa = PBXFileReference; fileEncoding = 4; lastKnownFileType = sourcecode.c.h; path = Hunter.h; sourceTree = "<group>"; };
		FEA7859B190C3EF50084CA04 /* Hunter.m */ = {isa = PBXFileReference; fileEncoding = 4; lastKnownFileType = sourcecode.c.objc; path = Hunter.m; sourceTree = "<group>"; };
		FEA7859D190C3EFA0084CA04 /* Minion.h */ = {isa = PBXFileReference; fileEncoding = 4; lastKnownFileType = sourcecode.c.h; path = Minion.h; sourceTree = "<group>"; };
		FEA7859E190C3EFA0084CA04 /* Minion.m */ = {isa = PBXFileReference; fileEncoding = 4; lastKnownFileType = sourcecode.c.objc; path = Minion.m; sourceTree = "<group>"; };
		FEA785A0190C3F090084CA04 /* Assassin.h */ = {isa = PBXFileReference; fileEncoding = 4; lastKnownFileType = sourcecode.c.h; path = Assassin.h; sourceTree = "<group>"; };
		FEA785A1190C3F090084CA04 /* Assassin.m */ = {isa = PBXFileReference; fileEncoding = 4; lastKnownFileType = sourcecode.c.objc; path = Assassin.m; sourceTree = "<group>"; };
		FEA785A3190F05E70084CA04 /* ModPlayer.h */ = {isa = PBXFileReference; fileEncoding = 4; lastKnownFileType = sourcecode.c.h; path = ModPlayer.h; sourceTree = "<group>"; };
		FEA785A4190F05E70084CA04 /* ModPlayer.m */ = {isa = PBXFileReference; fileEncoding = 4; lastKnownFileType = sourcecode.c.objc; path = ModPlayer.m; sourceTree = "<group>"; };
		FEA785A6190F0F670084CA04 /* TimerViewController.h */ = {isa = PBXFileReference; fileEncoding = 4; lastKnownFileType = sourcecode.c.h; path = TimerViewController.h; sourceTree = "<group>"; };
		FEA785A7190F0F670084CA04 /* TimerViewController.m */ = {isa = PBXFileReference; fileEncoding = 4; lastKnownFileType = sourcecode.c.objc; path = TimerViewController.m; sourceTree = "<group>"; };
		FEB53BFD18FB63AC00598B64 /* QuartzCore.framework */ = {isa = PBXFileReference; lastKnownFileType = wrapper.framework; name = QuartzCore.framework; path = System/Library/Frameworks/QuartzCore.framework; sourceTree = SDKROOT; };
		FEB53C0318FB729500598B64 /* GameSetup.h */ = {isa = PBXFileReference; fileEncoding = 4; lastKnownFileType = sourcecode.c.h; path = GameSetup.h; sourceTree = "<group>"; };
		FEB53C0418FB729500598B64 /* GameSetup.m */ = {isa = PBXFileReference; fileEncoding = 4; lastKnownFileType = sourcecode.c.objc; path = GameSetup.m; sourceTree = "<group>"; };
		FEC75E971911B7FF00C44A3A /* WerewolfViewController.h */ = {isa = PBXFileReference; fileEncoding = 4; lastKnownFileType = sourcecode.c.h; path = WerewolfViewController.h; sourceTree = "<group>"; };
		FEC75E981911B7FF00C44A3A /* WerewolfViewController.m */ = {isa = PBXFileReference; fileEncoding = 4; lastKnownFileType = sourcecode.c.objc; path = WerewolfViewController.m; sourceTree = "<group>"; };
		FEC75E9C1912AB5B00C44A3A /* SettingsViewController.h */ = {isa = PBXFileReference; fileEncoding = 4; lastKnownFileType = sourcecode.c.h; path = SettingsViewController.h; sourceTree = "<group>"; };
		FEC75E9D1912AB5B00C44A3A /* SettingsViewController.m */ = {isa = PBXFileReference; fileEncoding = 4; lastKnownFileType = sourcecode.c.objc; path = SettingsViewController.m; sourceTree = "<group>"; };
		FEC75EA61912C38A00C44A3A /* CRBubble.h */ = {isa = PBXFileReference; fileEncoding = 4; lastKnownFileType = sourcecode.c.h; name = CRBubble.h; path = CRProductTour/CRBubble.h; sourceTree = SOURCE_ROOT; };
		FEC75EA71912C38A00C44A3A /* CRBubble.m */ = {isa = PBXFileReference; fileEncoding = 4; lastKnownFileType = sourcecode.c.objc; name = CRBubble.m; path = CRProductTour/CRBubble.m; sourceTree = SOURCE_ROOT; };
		FEC75EA81912C38A00C44A3A /* CRProductTour.h */ = {isa = PBXFileReference; fileEncoding = 4; lastKnownFileType = sourcecode.c.h; name = CRProductTour.h; path = CRProductTour/CRProductTour.h; sourceTree = SOURCE_ROOT; };
		FEC75EA91912C38A00C44A3A /* CRProductTour.m */ = {isa = PBXFileReference; fileEncoding = 4; lastKnownFileType = sourcecode.c.objc; name = CRProductTour.m; path = CRProductTour/CRProductTour.m; sourceTree = SOURCE_ROOT; };
		FEC75EAC1912C41300C44A3A /* TTCounterLabel.h */ = {isa = PBXFileReference; fileEncoding = 4; lastKnownFileType = sourcecode.c.h; name = TTCounterLabel.h; path = TTCounterLabel/TTCounterLabel.h; sourceTree = SOURCE_ROOT; };
		FEC75EAD1912C41300C44A3A /* TTCounterLabel.m */ = {isa = PBXFileReference; fileEncoding = 4; lastKnownFileType = sourcecode.c.objc; name = TTCounterLabel.m; path = TTCounterLabel/TTCounterLabel.m; sourceTree = SOURCE_ROOT; };
		FEC75EAE1912C41300C44A3A /* TTTAttributedLabel.h */ = {isa = PBXFileReference; fileEncoding = 4; lastKnownFileType = sourcecode.c.h; name = TTTAttributedLabel.h; path = TTCounterLabel/TTTAttributedLabel.h; sourceTree = SOURCE_ROOT; };
		FEC75EAF1912C41300C44A3A /* TTTAttributedLabel.m */ = {isa = PBXFileReference; fileEncoding = 4; lastKnownFileType = sourcecode.c.objc; name = TTTAttributedLabel.m; path = TTCounterLabel/TTTAttributedLabel.m; sourceTree = SOURCE_ROOT; };
		FEC75EB21912C42500C44A3A /* iCarousel.h */ = {isa = PBXFileReference; fileEncoding = 4; lastKnownFileType = sourcecode.c.h; name = iCarousel.h; path = iCarousel/iCarousel.h; sourceTree = SOURCE_ROOT; };
		FEC75EB31912C42500C44A3A /* iCarousel.m */ = {isa = PBXFileReference; fileEncoding = 4; lastKnownFileType = sourcecode.c.objc; name = iCarousel.m; path = iCarousel/iCarousel.m; sourceTree = SOURCE_ROOT; };
		FEC75EB51912D75700C44A3A /* RulesViewController.h */ = {isa = PBXFileReference; fileEncoding = 4; lastKnownFileType = sourcecode.c.h; path = RulesViewController.h; sourceTree = "<group>"; };
		FEC75EB61912D75700C44A3A /* RulesViewController.m */ = {isa = PBXFileReference; fileEncoding = 4; lastKnownFileType = sourcecode.c.objc; path = RulesViewController.m; sourceTree = "<group>"; };
		FED1DC1C18F87E7A00BB0B81 /* Werewolf.app */ = {isa = PBXFileReference; explicitFileType = wrapper.application; includeInIndex = 0; path = Werewolf.app; sourceTree = BUILT_PRODUCTS_DIR; };
		FED1DC1F18F87E7A00BB0B81 /* Foundation.framework */ = {isa = PBXFileReference; lastKnownFileType = wrapper.framework; name = Foundation.framework; path = System/Library/Frameworks/Foundation.framework; sourceTree = SDKROOT; };
		FED1DC2118F87E7A00BB0B81 /* CoreGraphics.framework */ = {isa = PBXFileReference; lastKnownFileType = wrapper.framework; name = CoreGraphics.framework; path = System/Library/Frameworks/CoreGraphics.framework; sourceTree = SDKROOT; };
		FED1DC2318F87E7A00BB0B81 /* UIKit.framework */ = {isa = PBXFileReference; lastKnownFileType = wrapper.framework; name = UIKit.framework; path = System/Library/Frameworks/UIKit.framework; sourceTree = SDKROOT; };
		FED1DC2718F87E7A00BB0B81 /* Werewolf-Info.plist */ = {isa = PBXFileReference; lastKnownFileType = text.plist.xml; path = "Werewolf-Info.plist"; sourceTree = "<group>"; };
		FED1DC2918F87E7A00BB0B81 /* en */ = {isa = PBXFileReference; lastKnownFileType = text.plist.strings; name = en; path = en.lproj/InfoPlist.strings; sourceTree = "<group>"; };
		FED1DC2B18F87E7A00BB0B81 /* main.m */ = {isa = PBXFileReference; lastKnownFileType = sourcecode.c.objc; path = main.m; sourceTree = "<group>"; };
		FED1DC2D18F87E7A00BB0B81 /* Werewolf-Prefix.pch */ = {isa = PBXFileReference; lastKnownFileType = sourcecode.c.h; path = "Werewolf-Prefix.pch"; sourceTree = "<group>"; };
		FED1DC2E18F87E7A00BB0B81 /* AppDelegate.h */ = {isa = PBXFileReference; lastKnownFileType = sourcecode.c.h; path = AppDelegate.h; sourceTree = "<group>"; };
		FED1DC2F18F87E7A00BB0B81 /* AppDelegate.m */ = {isa = PBXFileReference; lastKnownFileType = sourcecode.c.objc; path = AppDelegate.m; sourceTree = "<group>"; };
		FED1DC3218F87E7A00BB0B81 /* Base */ = {isa = PBXFileReference; lastKnownFileType = file.storyboard; name = Base; path = Base.lproj/Main.storyboard; sourceTree = "<group>"; };
		FED1DC3418F87E7A00BB0B81 /* TitleViewController.h */ = {isa = PBXFileReference; lastKnownFileType = sourcecode.c.h; path = TitleViewController.h; sourceTree = "<group>"; };
		FED1DC3518F87E7A00BB0B81 /* TitleViewController.m */ = {isa = PBXFileReference; lastKnownFileType = sourcecode.c.objc; path = TitleViewController.m; sourceTree = "<group>"; };
		FED1DC3718F87E7A00BB0B81 /* Images.xcassets */ = {isa = PBXFileReference; lastKnownFileType = folder.assetcatalog; path = Images.xcassets; sourceTree = "<group>"; };
		FED1DC3D18F87E7A00BB0B81 /* WerewolfTests.xctest */ = {isa = PBXFileReference; explicitFileType = wrapper.cfbundle; includeInIndex = 0; path = WerewolfTests.xctest; sourceTree = BUILT_PRODUCTS_DIR; };
		FED1DC3E18F87E7A00BB0B81 /* XCTest.framework */ = {isa = PBXFileReference; lastKnownFileType = wrapper.framework; name = XCTest.framework; path = Library/Frameworks/XCTest.framework; sourceTree = DEVELOPER_DIR; };
		FED1DC4618F87E7A00BB0B81 /* WerewolfTests-Info.plist */ = {isa = PBXFileReference; lastKnownFileType = text.plist.xml; path = "WerewolfTests-Info.plist"; sourceTree = "<group>"; };
		FED1DC4818F87E7A00BB0B81 /* en */ = {isa = PBXFileReference; lastKnownFileType = text.plist.strings; name = en; path = en.lproj/InfoPlist.strings; sourceTree = "<group>"; };
		FED1DC4A18F87E7A00BB0B81 /* WerewolfTests.m */ = {isa = PBXFileReference; lastKnownFileType = sourcecode.c.objc; path = WerewolfTests.m; sourceTree = "<group>"; };
		FED1DC5518F8832200BB0B81 /* CreateGameViewController.h */ = {isa = PBXFileReference; fileEncoding = 4; lastKnownFileType = sourcecode.c.h; path = CreateGameViewController.h; sourceTree = "<group>"; };
		FED1DC5618F8832200BB0B81 /* CreateGameViewController.m */ = {isa = PBXFileReference; fileEncoding = 4; lastKnownFileType = sourcecode.c.objc; path = CreateGameViewController.m; sourceTree = "<group>"; };
		FED1DC5F18F8AE5000BB0B81 /* Constants.h */ = {isa = PBXFileReference; fileEncoding = 4; lastKnownFileType = sourcecode.c.h; path = Constants.h; sourceTree = "<group>"; };
		FED1DC6018F8AE5000BB0B81 /* Constants.m */ = {isa = PBXFileReference; fileEncoding = 4; lastKnownFileType = sourcecode.c.objc; path = Constants.m; sourceTree = "<group>"; };
		FED1DC6318F8B5DA00BB0B81 /* Game.h */ = {isa = PBXFileReference; fileEncoding = 4; lastKnownFileType = sourcecode.c.h; path = Game.h; sourceTree = "<group>"; };
		FED1DC6418F8B5DA00BB0B81 /* Game.m */ = {isa = PBXFileReference; fileEncoding = 4; lastKnownFileType = sourcecode.c.objc; path = Game.m; sourceTree = "<group>"; };
		FED1DC6618F8BF3600BB0B81 /* Player.h */ = {isa = PBXFileReference; fileEncoding = 4; lastKnownFileType = sourcecode.c.h; path = Player.h; sourceTree = "<group>"; };
		FED1DC6718F8BF3600BB0B81 /* Player.m */ = {isa = PBXFileReference; fileEncoding = 4; lastKnownFileType = sourcecode.c.objc; path = Player.m; sourceTree = "<group>"; };
		FEF34246190894DF003AC14F /* gameSetupList.plist */ = {isa = PBXFileReference; fileEncoding = 4; lastKnownFileType = text.plist.xml; path = gameSetupList.plist; sourceTree = "<group>"; };
/* End PBXFileReference section */

/* Begin PBXFrameworksBuildPhase section */
		FED1DC1918F87E7A00BB0B81 /* Frameworks */ = {
			isa = PBXFrameworksBuildPhase;
			buildActionMask = 2147483647;
			files = (
				FEB53BFE18FB63AC00598B64 /* QuartzCore.framework in Frameworks */,
				FED1DC2218F87E7A00BB0B81 /* CoreGraphics.framework in Frameworks */,
				FED1DC2418F87E7A00BB0B81 /* UIKit.framework in Frameworks */,
				FED1DC2018F87E7A00BB0B81 /* Foundation.framework in Frameworks */,
			);
			runOnlyForDeploymentPostprocessing = 0;
		};
		FED1DC3A18F87E7A00BB0B81 /* Frameworks */ = {
			isa = PBXFrameworksBuildPhase;
			buildActionMask = 2147483647;
			files = (
				FED1DC3F18F87E7A00BB0B81 /* XCTest.framework in Frameworks */,
				FED1DC4118F87E7A00BB0B81 /* UIKit.framework in Frameworks */,
				FED1DC4018F87E7A00BB0B81 /* Foundation.framework in Frameworks */,
			);
			runOnlyForDeploymentPostprocessing = 0;
		};
/* End PBXFrameworksBuildPhase section */

/* Begin PBXGroup section */
		FEA7858A190C3EC90084CA04 /* Roles */ = {
			isa = PBXGroup;
			children = (
				FEA78587190C3E620084CA04 /* Role.h */,
				FEA78588190C3E620084CA04 /* Role.m */,
				FEA7858B190C3ED60084CA04 /* Werewolf.h */,
				FEA7858C190C3ED60084CA04 /* Werewolf.m */,
				FEA7858E190C3EDD0084CA04 /* Villager.h */,
				FEA7858F190C3EDD0084CA04 /* Villager.m */,
				FEA78591190C3EE40084CA04 /* Priest.h */,
				FEA78592190C3EE40084CA04 /* Priest.m */,
				FEA78594190C3EE90084CA04 /* Seer.h */,
				FEA78595190C3EE90084CA04 /* Seer.m */,
				FEA78597190C3EF00084CA04 /* Vigilante.h */,
				FEA78598190C3EF00084CA04 /* Vigilante.m */,
				FEA7859A190C3EF50084CA04 /* Hunter.h */,
				FEA7859B190C3EF50084CA04 /* Hunter.m */,
				FEA7859D190C3EFA0084CA04 /* Minion.h */,
				FEA7859E190C3EFA0084CA04 /* Minion.m */,
				FEA785A0190C3F090084CA04 /* Assassin.h */,
				FEA785A1190C3F090084CA04 /* Assassin.m */,
			);
			name = Roles;
			sourceTree = "<group>";
		};
		FEB53C0218FB71E000598B64 /* iCarousel */ = {
			isa = PBXGroup;
			children = (
				FEC75EB21912C42500C44A3A /* iCarousel.h */,
				FEC75EB31912C42500C44A3A /* iCarousel.m */,
			);
			name = iCarousel;
			sourceTree = "<group>";
		};
		FEC75E8E1910760200C44A3A /* Categories */ = {
			isa = PBXGroup;
			children = (
				FE99B68F18FC9F2F00CA3021 /* NSDictionary+Common.h */,
				FE99B69018FC9F2F00CA3021 /* NSDictionary+Common.m */,
			);
			name = Categories;
			sourceTree = "<group>";
		};
		FEC75E92191076A600C44A3A /* TTCounterLabel */ = {
			isa = PBXGroup;
			children = (
				FEC75EAC1912C41300C44A3A /* TTCounterLabel.h */,
				FEC75EAD1912C41300C44A3A /* TTCounterLabel.m */,
				FEC75EAE1912C41300C44A3A /* TTTAttributedLabel.h */,
				FEC75EAF1912C41300C44A3A /* TTTAttributedLabel.m */,
			);
			name = TTCounterLabel;
			sourceTree = "<group>";
		};
		FEC75EA51912B95F00C44A3A /* CRProductTour */ = {
			isa = PBXGroup;
			children = (
				FEC75EA61912C38A00C44A3A /* CRBubble.h */,
				FEC75EA71912C38A00C44A3A /* CRBubble.m */,
				FEC75EA81912C38A00C44A3A /* CRProductTour.h */,
				FEC75EA91912C38A00C44A3A /* CRProductTour.m */,
			);
			name = CRProductTour;
			sourceTree = "<group>";
		};
		FED1DC1318F87E7A00BB0B81 = {
			isa = PBXGroup;
			children = (
				FED1DC2518F87E7A00BB0B81 /* Werewolf */,
				FED1DC4418F87E7A00BB0B81 /* WerewolfTests */,
				FED1DC1E18F87E7A00BB0B81 /* Frameworks */,
				FED1DC1D18F87E7A00BB0B81 /* Products */,
			);
			sourceTree = "<group>";
		};
		FED1DC1D18F87E7A00BB0B81 /* Products */ = {
			isa = PBXGroup;
			children = (
				FED1DC1C18F87E7A00BB0B81 /* Werewolf.app */,
				FED1DC3D18F87E7A00BB0B81 /* WerewolfTests.xctest */,
			);
			name = Products;
			sourceTree = "<group>";
		};
		FED1DC1E18F87E7A00BB0B81 /* Frameworks */ = {
			isa = PBXGroup;
			children = (
				FEB53BFD18FB63AC00598B64 /* QuartzCore.framework */,
				FED1DC1F18F87E7A00BB0B81 /* Foundation.framework */,
				FED1DC2118F87E7A00BB0B81 /* CoreGraphics.framework */,
				FED1DC2318F87E7A00BB0B81 /* UIKit.framework */,
				FED1DC3E18F87E7A00BB0B81 /* XCTest.framework */,
			);
			name = Frameworks;
			sourceTree = "<group>";
		};
		FED1DC2518F87E7A00BB0B81 /* Werewolf */ = {
			isa = PBXGroup;
			children = (
				FED1DC2E18F87E7A00BB0B81 /* AppDelegate.h */,
				FED1DC2F18F87E7A00BB0B81 /* AppDelegate.m */,
				FED1DC3118F87E7A00BB0B81 /* Main.storyboard */,
				FED1DC5418F882D000BB0B81 /* View Controllers */,
				FED1DC6218F8B5CC00BB0B81 /* Model */,
				FED1DC5B18F8A32800BB0B81 /* Data */,
				FEC75E8E1910760200C44A3A /* Categories */,
				FEB53C0218FB71E000598B64 /* iCarousel */,
				FEC75EA51912B95F00C44A3A /* CRProductTour */,
				FEC75E92191076A600C44A3A /* TTCounterLabel */,
				FED1DC2618F87E7A00BB0B81 /* Supporting Files */,
				FED1DC3718F87E7A00BB0B81 /* Images.xcassets */,
				FE38B7EB190F436E007B514B /* OpenSans-Regular.ttf */,
			);
			path = Werewolf;
			sourceTree = "<group>";
		};
		FED1DC2618F87E7A00BB0B81 /* Supporting Files */ = {
			isa = PBXGroup;
			children = (
				FED1DC2718F87E7A00BB0B81 /* Werewolf-Info.plist */,
				FED1DC2818F87E7A00BB0B81 /* InfoPlist.strings */,
				FED1DC2B18F87E7A00BB0B81 /* main.m */,
				FED1DC2D18F87E7A00BB0B81 /* Werewolf-Prefix.pch */,
			);
			name = "Supporting Files";
			sourceTree = "<group>";
		};
		FED1DC4418F87E7A00BB0B81 /* WerewolfTests */ = {
			isa = PBXGroup;
			children = (
				FED1DC4A18F87E7A00BB0B81 /* WerewolfTests.m */,
				FED1DC4518F87E7A00BB0B81 /* Supporting Files */,
			);
			path = WerewolfTests;
			sourceTree = "<group>";
		};
		FED1DC4518F87E7A00BB0B81 /* Supporting Files */ = {
			isa = PBXGroup;
			children = (
				FED1DC4618F87E7A00BB0B81 /* WerewolfTests-Info.plist */,
				FED1DC4718F87E7A00BB0B81 /* InfoPlist.strings */,
			);
			name = "Supporting Files";
			sourceTree = "<group>";
		};
		FED1DC5418F882D000BB0B81 /* View Controllers */ = {
			isa = PBXGroup;
			children = (
				FEC75E971911B7FF00C44A3A /* WerewolfViewController.h */,
				FEC75E981911B7FF00C44A3A /* WerewolfViewController.m */,
				FEC75E9C1912AB5B00C44A3A /* SettingsViewController.h */,
				FEC75E9D1912AB5B00C44A3A /* SettingsViewController.m */,
				FED1DC3418F87E7A00BB0B81 /* TitleViewController.h */,
				FED1DC3518F87E7A00BB0B81 /* TitleViewController.m */,
				FEC75EB51912D75700C44A3A /* RulesViewController.h */,
				FEC75EB61912D75700C44A3A /* RulesViewController.m */,
				FE99B68518FC919300CA3021 /* LoadSetupViewController.h */,
				FE99B68618FC919300CA3021 /* LoadSetupViewController.m */,
				FED1DC5518F8832200BB0B81 /* CreateGameViewController.h */,
				FED1DC5618F8832200BB0B81 /* CreateGameViewController.m */,
				FE99B69218FCA16300CA3021 /* StepperTableViewCell.h */,
				FE99B69318FCA16300CA3021 /* StepperTableViewCell.m */,
				FE21C289190B33B40048D19C /* GameViewController.h */,
				FE21C28A190B33B40048D19C /* GameViewController.m */,
				FEA785A6190F0F670084CA04 /* TimerViewController.h */,
				FEA785A7190F0F670084CA04 /* TimerViewController.m */,
			);
			name = "View Controllers";
			sourceTree = "<group>";
		};
		FED1DC5B18F8A32800BB0B81 /* Data */ = {
			isa = PBXGroup;
			children = (
				FED1DC5F18F8AE5000BB0B81 /* Constants.h */,
				FED1DC6018F8AE5000BB0B81 /* Constants.m */,
				FE38613B18FF755900ED8483 /* GameData.h */,
				FE38613C18FF755900ED8483 /* GameData.m */,
				FEF34246190894DF003AC14F /* gameSetupList.plist */,
			);
			name = Data;
			sourceTree = "<group>";
		};
		FED1DC6218F8B5CC00BB0B81 /* Model */ = {
			isa = PBXGroup;
			children = (
				FED1DC6318F8B5DA00BB0B81 /* Game.h */,
				FED1DC6418F8B5DA00BB0B81 /* Game.m */,
				FED1DC6618F8BF3600BB0B81 /* Player.h */,
				FED1DC6718F8BF3600BB0B81 /* Player.m */,
				FEA785A3190F05E70084CA04 /* ModPlayer.h */,
				FEA785A4190F05E70084CA04 /* ModPlayer.m */,
				FEB53C0318FB729500598B64 /* GameSetup.h */,
				FEB53C0418FB729500598B64 /* GameSetup.m */,
				FEA7858A190C3EC90084CA04 /* Roles */,
			);
			name = Model;
			sourceTree = "<group>";
		};
/* End PBXGroup section */

/* Begin PBXNativeTarget section */
		FED1DC1B18F87E7A00BB0B81 /* Werewolf */ = {
			isa = PBXNativeTarget;
			buildConfigurationList = FED1DC4E18F87E7A00BB0B81 /* Build configuration list for PBXNativeTarget "Werewolf" */;
			buildPhases = (
				FED1DC1818F87E7A00BB0B81 /* Sources */,
				FED1DC1918F87E7A00BB0B81 /* Frameworks */,
				FED1DC1A18F87E7A00BB0B81 /* Resources */,
			);
			buildRules = (
			);
			dependencies = (
			);
			name = Werewolf;
			productName = Werewolf;
			productReference = FED1DC1C18F87E7A00BB0B81 /* Werewolf.app */;
			productType = "com.apple.product-type.application";
		};
		FED1DC3C18F87E7A00BB0B81 /* WerewolfTests */ = {
			isa = PBXNativeTarget;
			buildConfigurationList = FED1DC5118F87E7A00BB0B81 /* Build configuration list for PBXNativeTarget "WerewolfTests" */;
			buildPhases = (
				FED1DC3918F87E7A00BB0B81 /* Sources */,
				FED1DC3A18F87E7A00BB0B81 /* Frameworks */,
				FED1DC3B18F87E7A00BB0B81 /* Resources */,
			);
			buildRules = (
			);
			dependencies = (
				FED1DC4318F87E7A00BB0B81 /* PBXTargetDependency */,
			);
			name = WerewolfTests;
			productName = WerewolfTests;
			productReference = FED1DC3D18F87E7A00BB0B81 /* WerewolfTests.xctest */;
			productType = "com.apple.product-type.bundle.unit-test";
		};
/* End PBXNativeTarget section */

/* Begin PBXProject section */
		FED1DC1418F87E7A00BB0B81 /* Project object */ = {
			isa = PBXProject;
			attributes = {
				LastUpgradeCheck = 0510;
				ORGANIZATIONNAME = "Lauren Lee";
				TargetAttributes = {
					FED1DC3C18F87E7A00BB0B81 = {
						TestTargetID = FED1DC1B18F87E7A00BB0B81;
					};
				};
			};
			buildConfigurationList = FED1DC1718F87E7A00BB0B81 /* Build configuration list for PBXProject "Werewolf" */;
			compatibilityVersion = "Xcode 3.2";
			developmentRegion = English;
			hasScannedForEncodings = 0;
			knownRegions = (
				en,
				Base,
			);
			mainGroup = FED1DC1318F87E7A00BB0B81;
			productRefGroup = FED1DC1D18F87E7A00BB0B81 /* Products */;
			projectDirPath = "";
			projectRoot = "";
			targets = (
				FED1DC3C18F87E7A00BB0B81 /* WerewolfTests */,
				FED1DC1B18F87E7A00BB0B81 /* Werewolf */,
			);
		};
/* End PBXProject section */

/* Begin PBXResourcesBuildPhase section */
		FED1DC1A18F87E7A00BB0B81 /* Resources */ = {
			isa = PBXResourcesBuildPhase;
			buildActionMask = 2147483647;
			files = (
				FE38B7EC190F436E007B514B /* OpenSans-Regular.ttf in Resources */,
				FEF34247190894DF003AC14F /* gameSetupList.plist in Resources */,
				FED1DC3818F87E7A00BB0B81 /* Images.xcassets in Resources */,
				FED1DC2A18F87E7A00BB0B81 /* InfoPlist.strings in Resources */,
				FED1DC3318F87E7A00BB0B81 /* Main.storyboard in Resources */,
			);
			runOnlyForDeploymentPostprocessing = 0;
		};
		FED1DC3B18F87E7A00BB0B81 /* Resources */ = {
			isa = PBXResourcesBuildPhase;
			buildActionMask = 2147483647;
			files = (
				FED1DC4918F87E7A00BB0B81 /* InfoPlist.strings in Resources */,
			);
			runOnlyForDeploymentPostprocessing = 0;
		};
/* End PBXResourcesBuildPhase section */

/* Begin PBXSourcesBuildPhase section */
		FED1DC1818F87E7A00BB0B81 /* Sources */ = {
			isa = PBXSourcesBuildPhase;
			buildActionMask = 2147483647;
			files = (
				FEA78590190C3EDD0084CA04 /* Villager.m in Sources */,
				FED1DC6818F8BF3600BB0B81 /* Player.m in Sources */,
				FED1DC3618F87E7A00BB0B81 /* TitleViewController.m in Sources */,
				FEA785A5190F05E70084CA04 /* ModPlayer.m in Sources */,
				FE99B69418FCA16300CA3021 /* StepperTableViewCell.m in Sources */,
				FE99B69118FC9F2F00CA3021 /* NSDictionary+Common.m in Sources */,
				FED1DC3018F87E7A00BB0B81 /* AppDelegate.m in Sources */,
				FEA785A8190F0F670084CA04 /* TimerViewController.m in Sources */,
				FEC75EB41912C42500C44A3A /* iCarousel.m in Sources */,
				FED1DC5718F8832200BB0B81 /* CreateGameViewController.m in Sources */,
				FEA785A2190C3F090084CA04 /* Assassin.m in Sources */,
				FEC75EAA1912C38A00C44A3A /* CRBubble.m in Sources */,
				FEC75E9E1912AB5B00C44A3A /* SettingsViewController.m in Sources */,
				FEB53C0518FB729500598B64 /* GameSetup.m in Sources */,
				FE21C28B190B33B40048D19C /* GameViewController.m in Sources */,
				FEC75EB11912C41300C44A3A /* TTTAttributedLabel.m in Sources */,
				FED1DC2C18F87E7A00BB0B81 /* main.m in Sources */,
				FE38613D18FF755900ED8483 /* GameData.m in Sources */,
				FEA7858D190C3ED60084CA04 /* Werewolf.m in Sources */,
				FEC75EAB1912C38A00C44A3A /* CRProductTour.m in Sources */,
				FEA78593190C3EE40084CA04 /* Priest.m in Sources */,
				FE99B68718FC919300CA3021 /* LoadSetupViewController.m in Sources */,
				FEC75EB01912C41300C44A3A /* TTCounterLabel.m in Sources */,
				FEA78589190C3E620084CA04 /* Role.m in Sources */,
				FEC75E991911B7FF00C44A3A /* WerewolfViewController.m in Sources */,
				FEA78599190C3EF00084CA04 /* Vigilante.m in Sources */,
				FEC75EB71912D75700C44A3A /* RulesViewController.m in Sources */,
				FEA78596190C3EE90084CA04 /* Seer.m in Sources */,
				FED1DC6518F8B5DA00BB0B81 /* Game.m in Sources */,
				FEA7859F190C3EFA0084CA04 /* Minion.m in Sources */,
				FEA7859C190C3EF50084CA04 /* Hunter.m in Sources */,
				FED1DC6118F8AE5000BB0B81 /* Constants.m in Sources */,
			);
			runOnlyForDeploymentPostprocessing = 0;
		};
		FED1DC3918F87E7A00BB0B81 /* Sources */ = {
			isa = PBXSourcesBuildPhase;
			buildActionMask = 2147483647;
			files = (
				FED1DC4B18F87E7A00BB0B81 /* WerewolfTests.m in Sources */,
			);
			runOnlyForDeploymentPostprocessing = 0;
		};
/* End PBXSourcesBuildPhase section */

/* Begin PBXTargetDependency section */
		FED1DC4318F87E7A00BB0B81 /* PBXTargetDependency */ = {
			isa = PBXTargetDependency;
			target = FED1DC1B18F87E7A00BB0B81 /* Werewolf */;
			targetProxy = FED1DC4218F87E7A00BB0B81 /* PBXContainerItemProxy */;
		};
/* End PBXTargetDependency section */

/* Begin PBXVariantGroup section */
		FED1DC2818F87E7A00BB0B81 /* InfoPlist.strings */ = {
			isa = PBXVariantGroup;
			children = (
				FED1DC2918F87E7A00BB0B81 /* en */,
			);
			name = InfoPlist.strings;
			sourceTree = "<group>";
		};
		FED1DC3118F87E7A00BB0B81 /* Main.storyboard */ = {
			isa = PBXVariantGroup;
			children = (
				FED1DC3218F87E7A00BB0B81 /* Base */,
			);
			name = Main.storyboard;
			sourceTree = "<group>";
		};
		FED1DC4718F87E7A00BB0B81 /* InfoPlist.strings */ = {
			isa = PBXVariantGroup;
			children = (
				FED1DC4818F87E7A00BB0B81 /* en */,
			);
			name = InfoPlist.strings;
			sourceTree = "<group>";
		};
/* End PBXVariantGroup section */

/* Begin XCBuildConfiguration section */
		FED1DC4C18F87E7A00BB0B81 /* Debug */ = {
			isa = XCBuildConfiguration;
			buildSettings = {
				ALWAYS_SEARCH_USER_PATHS = NO;
				CLANG_CXX_LANGUAGE_STANDARD = "gnu++0x";
				CLANG_CXX_LIBRARY = "libc++";
				CLANG_ENABLE_MODULES = YES;
				CLANG_ENABLE_OBJC_ARC = YES;
				CLANG_WARN_BOOL_CONVERSION = YES;
				CLANG_WARN_CONSTANT_CONVERSION = YES;
				CLANG_WARN_DIRECT_OBJC_ISA_USAGE = YES_ERROR;
				CLANG_WARN_EMPTY_BODY = YES;
				CLANG_WARN_ENUM_CONVERSION = YES;
				CLANG_WARN_INT_CONVERSION = YES;
				CLANG_WARN_OBJC_ROOT_CLASS = YES_ERROR;
				CLANG_WARN__DUPLICATE_METHOD_MATCH = YES;
				"CODE_SIGN_IDENTITY[sdk=iphoneos*]" = "iPhone Developer";
				COPY_PHASE_STRIP = NO;
				GCC_C_LANGUAGE_STANDARD = gnu99;
				GCC_DYNAMIC_NO_PIC = NO;
				GCC_OPTIMIZATION_LEVEL = 0;
				GCC_PREPROCESSOR_DEFINITIONS = (
					"DEBUG=1",
					"$(inherited)",
				);
				GCC_SYMBOLS_PRIVATE_EXTERN = NO;
				GCC_WARN_64_TO_32_BIT_CONVERSION = YES;
				GCC_WARN_ABOUT_RETURN_TYPE = YES_ERROR;
				GCC_WARN_UNDECLARED_SELECTOR = YES;
				GCC_WARN_UNINITIALIZED_AUTOS = YES_AGGRESSIVE;
				GCC_WARN_UNUSED_FUNCTION = YES;
				GCC_WARN_UNUSED_VARIABLE = YES;
				IPHONEOS_DEPLOYMENT_TARGET = 7.0;
				ONLY_ACTIVE_ARCH = YES;
				SDKROOT = iphoneos;
			};
			name = Debug;
		};
		FED1DC4D18F87E7A00BB0B81 /* Release */ = {
			isa = XCBuildConfiguration;
			buildSettings = {
				ALWAYS_SEARCH_USER_PATHS = NO;
				CLANG_CXX_LANGUAGE_STANDARD = "gnu++0x";
				CLANG_CXX_LIBRARY = "libc++";
				CLANG_ENABLE_MODULES = YES;
				CLANG_ENABLE_OBJC_ARC = YES;
				CLANG_WARN_BOOL_CONVERSION = YES;
				CLANG_WARN_CONSTANT_CONVERSION = YES;
				CLANG_WARN_DIRECT_OBJC_ISA_USAGE = YES_ERROR;
				CLANG_WARN_EMPTY_BODY = YES;
				CLANG_WARN_ENUM_CONVERSION = YES;
				CLANG_WARN_INT_CONVERSION = YES;
				CLANG_WARN_OBJC_ROOT_CLASS = YES_ERROR;
				CLANG_WARN__DUPLICATE_METHOD_MATCH = YES;
				"CODE_SIGN_IDENTITY[sdk=iphoneos*]" = "iPhone Developer";
				COPY_PHASE_STRIP = YES;
				ENABLE_NS_ASSERTIONS = NO;
				GCC_C_LANGUAGE_STANDARD = gnu99;
				GCC_WARN_64_TO_32_BIT_CONVERSION = YES;
				GCC_WARN_ABOUT_RETURN_TYPE = YES_ERROR;
				GCC_WARN_UNDECLARED_SELECTOR = YES;
				GCC_WARN_UNINITIALIZED_AUTOS = YES_AGGRESSIVE;
				GCC_WARN_UNUSED_FUNCTION = YES;
				GCC_WARN_UNUSED_VARIABLE = YES;
				IPHONEOS_DEPLOYMENT_TARGET = 7.0;
				SDKROOT = iphoneos;
				VALIDATE_PRODUCT = YES;
			};
			name = Release;
		};
		FED1DC4F18F87E7A00BB0B81 /* Debug */ = {
			isa = XCBuildConfiguration;
			buildSettings = {
				ASSETCATALOG_COMPILER_APPICON_NAME = AppIcon;
				ASSETCATALOG_COMPILER_LAUNCHIMAGE_NAME = LaunchImage;
				GCC_PRECOMPILE_PREFIX_HEADER = YES;
				GCC_PREFIX_HEADER = "Werewolf/Werewolf-Prefix.pch";
				INFOPLIST_FILE = "Werewolf/Werewolf-Info.plist";
				PRODUCT_NAME = "$(TARGET_NAME)";
				WRAPPER_EXTENSION = app;
			};
			name = Debug;
		};
		FED1DC5018F87E7A00BB0B81 /* Release */ = {
			isa = XCBuildConfiguration;
			buildSettings = {
				ASSETCATALOG_COMPILER_APPICON_NAME = AppIcon;
				ASSETCATALOG_COMPILER_LAUNCHIMAGE_NAME = LaunchImage;
				GCC_PRECOMPILE_PREFIX_HEADER = YES;
				GCC_PREFIX_HEADER = "Werewolf/Werewolf-Prefix.pch";
				INFOPLIST_FILE = "Werewolf/Werewolf-Info.plist";
				PRODUCT_NAME = "$(TARGET_NAME)";
				WRAPPER_EXTENSION = app;
			};
			name = Release;
		};
		FED1DC5218F87E7A00BB0B81 /* Debug */ = {
			isa = XCBuildConfiguration;
			buildSettings = {
				BUNDLE_LOADER = "$(BUILT_PRODUCTS_DIR)/Werewolf.app/Werewolf";
				FRAMEWORK_SEARCH_PATHS = (
					"$(SDKROOT)/Developer/Library/Frameworks",
					"$(inherited)",
					"$(DEVELOPER_FRAMEWORKS_DIR)",
				);
				GCC_PRECOMPILE_PREFIX_HEADER = YES;
				GCC_PREFIX_HEADER = "Werewolf/Werewolf-Prefix.pch";
				GCC_PREPROCESSOR_DEFINITIONS = (
					"DEBUG=1",
					"$(inherited)",
				);
				INFOPLIST_FILE = "WerewolfTests/WerewolfTests-Info.plist";
				PRODUCT_NAME = "$(TARGET_NAME)";
				TEST_HOST = "$(BUNDLE_LOADER)";
				WRAPPER_EXTENSION = xctest;
			};
			name = Debug;
		};
		FED1DC5318F87E7A00BB0B81 /* Release */ = {
			isa = XCBuildConfiguration;
			buildSettings = {
				BUNDLE_LOADER = "$(BUILT_PRODUCTS_DIR)/Werewolf.app/Werewolf";
				FRAMEWORK_SEARCH_PATHS = (
					"$(SDKROOT)/Developer/Library/Frameworks",
					"$(inherited)",
					"$(DEVELOPER_FRAMEWORKS_DIR)",
				);
				GCC_PRECOMPILE_PREFIX_HEADER = YES;
				GCC_PREFIX_HEADER = "Werewolf/Werewolf-Prefix.pch";
				INFOPLIST_FILE = "WerewolfTests/WerewolfTests-Info.plist";
				PRODUCT_NAME = "$(TARGET_NAME)";
				TEST_HOST = "$(BUNDLE_LOADER)";
				WRAPPER_EXTENSION = xctest;
			};
			name = Release;
		};
/* End XCBuildConfiguration section */

/* Begin XCConfigurationList section */
		FED1DC1718F87E7A00BB0B81 /* Build configuration list for PBXProject "Werewolf" */ = {
			isa = XCConfigurationList;
			buildConfigurations = (
				FED1DC4C18F87E7A00BB0B81 /* Debug */,
				FED1DC4D18F87E7A00BB0B81 /* Release */,
			);
			defaultConfigurationIsVisible = 0;
			defaultConfigurationName = Release;
		};
		FED1DC4E18F87E7A00BB0B81 /* Build configuration list for PBXNativeTarget "Werewolf" */ = {
			isa = XCConfigurationList;
			buildConfigurations = (
				FED1DC4F18F87E7A00BB0B81 /* Debug */,
				FED1DC5018F87E7A00BB0B81 /* Release */,
			);
			defaultConfigurationIsVisible = 0;
			defaultConfigurationName = Release;
		};
		FED1DC5118F87E7A00BB0B81 /* Build configuration list for PBXNativeTarget "WerewolfTests" */ = {
			isa = XCConfigurationList;
			buildConfigurations = (
				FED1DC5218F87E7A00BB0B81 /* Debug */,
				FED1DC5318F87E7A00BB0B81 /* Release */,
			);
			defaultConfigurationIsVisible = 0;
			defaultConfigurationName = Release;
		};
/* End XCConfigurationList section */
	};
	rootObject = FED1DC1418F87E7A00BB0B81 /* Project object */;
}
